// !$*UTF8*$!
{
	archiveVersion = 1;
	classes = {
	};
	objectVersion = 56;
	objects = {

/* Begin PBXBuildFile section */
		6169F1A02BF7CC0A00B95C47 /* AppDelegate.swift in Sources */ = {isa = PBXBuildFile; fileRef = 6169F19F2BF7CC0A00B95C47 /* AppDelegate.swift */; };
		6169F1A22BF7CC0B00B95C47 /* SceneDelegate.swift in Sources */ = {isa = PBXBuildFile; fileRef = 6169F1A12BF7CC0B00B95C47 /* SceneDelegate.swift */; };
		6169F1A42BF7CC0B00B95C47 /* LoginViewController.swift in Sources */ = {isa = PBXBuildFile; fileRef = 6169F1A32BF7CC0B00B95C47 /* LoginViewController.swift */; };
		6169F1A72BF7CC0B00B95C47 /* Main.storyboard in Resources */ = {isa = PBXBuildFile; fileRef = 6169F1A52BF7CC0B00B95C47 /* Main.storyboard */; };
		6169F1A92BF7CC0B00B95C47 /* Assets.xcassets in Resources */ = {isa = PBXBuildFile; fileRef = 6169F1A82BF7CC0B00B95C47 /* Assets.xcassets */; };
		6169F1AC2BF7CC0B00B95C47 /* LaunchScreen.storyboard in Resources */ = {isa = PBXBuildFile; fileRef = 6169F1AA2BF7CC0B00B95C47 /* LaunchScreen.storyboard */; };
		617290B52BFA5243006C295E /* MyCourseTableViewCell.swift in Sources */ = {isa = PBXBuildFile; fileRef = 617290B32BFA5243006C295E /* MyCourseTableViewCell.swift */; };
		617290B62BFA5243006C295E /* MyCourseTableViewCell.xib in Resources */ = {isa = PBXBuildFile; fileRef = 617290B42BFA5243006C295E /* MyCourseTableViewCell.xib */; };
		617290B82BFA53E4006C295E /* MyCoursesViewController.swift in Sources */ = {isa = PBXBuildFile; fileRef = 617290B72BFA53E4006C295E /* MyCoursesViewController.swift */; };
		619E24492BFBA0C600ECF261 /* CourseModuleTableViewHeader.swift in Sources */ = {isa = PBXBuildFile; fileRef = 619E24482BFBA0C600ECF261 /* CourseModuleTableViewHeader.swift */; };
		619E244B2BFBA7A600ECF261 /* CourseModuleTableViewHeader.xib in Resources */ = {isa = PBXBuildFile; fileRef = 619E244A2BFBA7A600ECF261 /* CourseModuleTableViewHeader.xib */; };
		619E244D2BFBB64200ECF261 /* CourseModuleDetailsData.swift in Sources */ = {isa = PBXBuildFile; fileRef = 619E244C2BFBB64200ECF261 /* CourseModuleDetailsData.swift */; };
		61CABCBA2BFB37BC0021D45F /* CourseDetailsViewController.swift in Sources */ = {isa = PBXBuildFile; fileRef = 61CABCB92BFB37BC0021D45F /* CourseDetailsViewController.swift */; };
		61CABCBD2BFB3B530021D45F /* CourseModuleDetailsTableViewCell.swift in Sources */ = {isa = PBXBuildFile; fileRef = 61CABCBB2BFB3B530021D45F /* CourseModuleDetailsTableViewCell.swift */; };
		61CABCBE2BFB3B530021D45F /* CourseModuleDetailsTableViewCell.xib in Resources */ = {isa = PBXBuildFile; fileRef = 61CABCBC2BFB3B530021D45F /* CourseModuleDetailsTableViewCell.xib */; };
/* End PBXBuildFile section */

/* Begin PBXFileReference section */
		6169F19C2BF7CC0A00B95C47 /* ULURN.app */ = {isa = PBXFileReference; explicitFileType = wrapper.application; includeInIndex = 0; path = ULURN.app; sourceTree = BUILT_PRODUCTS_DIR; };
		6169F19F2BF7CC0A00B95C47 /* AppDelegate.swift */ = {isa = PBXFileReference; lastKnownFileType = sourcecode.swift; path = AppDelegate.swift; sourceTree = "<group>"; };
		6169F1A12BF7CC0B00B95C47 /* SceneDelegate.swift */ = {isa = PBXFileReference; lastKnownFileType = sourcecode.swift; path = SceneDelegate.swift; sourceTree = "<group>"; };
		6169F1A32BF7CC0B00B95C47 /* LoginViewController.swift */ = {isa = PBXFileReference; lastKnownFileType = sourcecode.swift; path = LoginViewController.swift; sourceTree = "<group>"; };
		6169F1A62BF7CC0B00B95C47 /* Base */ = {isa = PBXFileReference; lastKnownFileType = file.storyboard; name = Base; path = Base.lproj/Main.storyboard; sourceTree = "<group>"; };
		6169F1A82BF7CC0B00B95C47 /* Assets.xcassets */ = {isa = PBXFileReference; lastKnownFileType = folder.assetcatalog; path = Assets.xcassets; sourceTree = "<group>"; };
		6169F1AB2BF7CC0B00B95C47 /* Base */ = {isa = PBXFileReference; lastKnownFileType = file.storyboard; name = Base; path = Base.lproj/LaunchScreen.storyboard; sourceTree = "<group>"; };
		6169F1AD2BF7CC0B00B95C47 /* Info.plist */ = {isa = PBXFileReference; lastKnownFileType = text.plist.xml; path = Info.plist; sourceTree = "<group>"; };
		617290B32BFA5243006C295E /* MyCourseTableViewCell.swift */ = {isa = PBXFileReference; lastKnownFileType = sourcecode.swift; path = MyCourseTableViewCell.swift; sourceTree = "<group>"; };
		617290B42BFA5243006C295E /* MyCourseTableViewCell.xib */ = {isa = PBXFileReference; lastKnownFileType = file.xib; path = MyCourseTableViewCell.xib; sourceTree = "<group>"; };
		617290B72BFA53E4006C295E /* MyCoursesViewController.swift */ = {isa = PBXFileReference; lastKnownFileType = sourcecode.swift; path = MyCoursesViewController.swift; sourceTree = "<group>"; };
		619E24482BFBA0C600ECF261 /* CourseModuleTableViewHeader.swift */ = {isa = PBXFileReference; lastKnownFileType = sourcecode.swift; path = CourseModuleTableViewHeader.swift; sourceTree = "<group>"; };
		619E244A2BFBA7A600ECF261 /* CourseModuleTableViewHeader.xib */ = {isa = PBXFileReference; lastKnownFileType = file.xib; path = CourseModuleTableViewHeader.xib; sourceTree = "<group>"; };
		619E244C2BFBB64200ECF261 /* CourseModuleDetailsData.swift */ = {isa = PBXFileReference; lastKnownFileType = sourcecode.swift; path = CourseModuleDetailsData.swift; sourceTree = "<group>"; };
		61CABCB92BFB37BC0021D45F /* CourseDetailsViewController.swift */ = {isa = PBXFileReference; lastKnownFileType = sourcecode.swift; path = CourseDetailsViewController.swift; sourceTree = "<group>"; };
		61CABCBB2BFB3B530021D45F /* CourseModuleDetailsTableViewCell.swift */ = {isa = PBXFileReference; lastKnownFileType = sourcecode.swift; path = CourseModuleDetailsTableViewCell.swift; sourceTree = "<group>"; };
		61CABCBC2BFB3B530021D45F /* CourseModuleDetailsTableViewCell.xib */ = {isa = PBXFileReference; lastKnownFileType = file.xib; path = CourseModuleDetailsTableViewCell.xib; sourceTree = "<group>"; };
/* End PBXFileReference section */

/* Begin PBXFrameworksBuildPhase section */
		6169F1992BF7CC0A00B95C47 /* Frameworks */ = {
			isa = PBXFrameworksBuildPhase;
			buildActionMask = 2147483647;
			files = (
			);
			runOnlyForDeploymentPostprocessing = 0;
		};
/* End PBXFrameworksBuildPhase section */

/* Begin PBXGroup section */
		6169F1932BF7CC0A00B95C47 = {
			isa = PBXGroup;
			children = (
				6169F19E2BF7CC0A00B95C47 /* ULURN */,
				6169F19D2BF7CC0A00B95C47 /* Products */,
			);
			sourceTree = "<group>";
		};
		6169F19D2BF7CC0A00B95C47 /* Products */ = {
			isa = PBXGroup;
			children = (
				6169F19C2BF7CC0A00B95C47 /* ULURN.app */,
			);
			name = Products;
			sourceTree = "<group>";
		};
		6169F19E2BF7CC0A00B95C47 /* ULURN */ = {
			isa = PBXGroup;
			children = (
				6169F19F2BF7CC0A00B95C47 /* AppDelegate.swift */,
				6169F1A12BF7CC0B00B95C47 /* SceneDelegate.swift */,
				6169F1A32BF7CC0B00B95C47 /* LoginViewController.swift */,
				61CABCB92BFB37BC0021D45F /* CourseDetailsViewController.swift */,
				619E244C2BFBB64200ECF261 /* CourseModuleDetailsData.swift */,
				619E24482BFBA0C600ECF261 /* CourseModuleTableViewHeader.swift */,
				619E244A2BFBA7A600ECF261 /* CourseModuleTableViewHeader.xib */,
				61CABCBB2BFB3B530021D45F /* CourseModuleDetailsTableViewCell.swift */,
				61CABCBC2BFB3B530021D45F /* CourseModuleDetailsTableViewCell.xib */,
				617290B72BFA53E4006C295E /* MyCoursesViewController.swift */,
				617290B32BFA5243006C295E /* MyCourseTableViewCell.swift */,
				617290B42BFA5243006C295E /* MyCourseTableViewCell.xib */,
				6169F1A52BF7CC0B00B95C47 /* Main.storyboard */,
				6169F1A82BF7CC0B00B95C47 /* Assets.xcassets */,
				6169F1AA2BF7CC0B00B95C47 /* LaunchScreen.storyboard */,
				6169F1AD2BF7CC0B00B95C47 /* Info.plist */,
			);
			path = ULURN;
			sourceTree = "<group>";
		};
/* End PBXGroup section */

/* Begin PBXNativeTarget section */
		6169F19B2BF7CC0A00B95C47 /* ULURN */ = {
			isa = PBXNativeTarget;
			buildConfigurationList = 6169F1B02BF7CC0B00B95C47 /* Build configuration list for PBXNativeTarget "ULURN" */;
			buildPhases = (
				6169F1982BF7CC0A00B95C47 /* Sources */,
				6169F1992BF7CC0A00B95C47 /* Frameworks */,
				6169F19A2BF7CC0A00B95C47 /* Resources */,
			);
			buildRules = (
			);
			dependencies = (
			);
			name = ULURN;
			productName = ULURN;
			productReference = 6169F19C2BF7CC0A00B95C47 /* ULURN.app */;
			productType = "com.apple.product-type.application";
		};
/* End PBXNativeTarget section */

/* Begin PBXProject section */
		6169F1942BF7CC0A00B95C47 /* Project object */ = {
			isa = PBXProject;
			attributes = {
				BuildIndependentTargetsInParallel = 1;
				LastSwiftUpdateCheck = 1520;
				LastUpgradeCheck = 1520;
				TargetAttributes = {
					6169F19B2BF7CC0A00B95C47 = {
						CreatedOnToolsVersion = 15.2;
					};
				};
			};
			buildConfigurationList = 6169F1972BF7CC0A00B95C47 /* Build configuration list for PBXProject "ULURN" */;
			compatibilityVersion = "Xcode 14.0";
			developmentRegion = en;
			hasScannedForEncodings = 0;
			knownRegions = (
				en,
				Base,
			);
			mainGroup = 6169F1932BF7CC0A00B95C47;
			productRefGroup = 6169F19D2BF7CC0A00B95C47 /* Products */;
			projectDirPath = "";
			projectRoot = "";
			targets = (
				6169F19B2BF7CC0A00B95C47 /* ULURN */,
			);
		};
/* End PBXProject section */

/* Begin PBXResourcesBuildPhase section */
		6169F19A2BF7CC0A00B95C47 /* Resources */ = {
			isa = PBXResourcesBuildPhase;
			buildActionMask = 2147483647;
			files = (
				6169F1AC2BF7CC0B00B95C47 /* LaunchScreen.storyboard in Resources */,
				617290B62BFA5243006C295E /* MyCourseTableViewCell.xib in Resources */,
				6169F1A92BF7CC0B00B95C47 /* Assets.xcassets in Resources */,
				619E244B2BFBA7A600ECF261 /* CourseModuleTableViewHeader.xib in Resources */,
				61CABCBE2BFB3B530021D45F /* CourseModuleDetailsTableViewCell.xib in Resources */,
				6169F1A72BF7CC0B00B95C47 /* Main.storyboard in Resources */,
			);
			runOnlyForDeploymentPostprocessing = 0;
		};
/* End PBXResourcesBuildPhase section */

/* Begin PBXSourcesBuildPhase section */
		6169F1982BF7CC0A00B95C47 /* Sources */ = {
			isa = PBXSourcesBuildPhase;
			buildActionMask = 2147483647;
			files = (
				61CABCBA2BFB37BC0021D45F /* CourseDetailsViewController.swift in Sources */,
				6169F1A42BF7CC0B00B95C47 /* LoginViewController.swift in Sources */,
				6169F1A02BF7CC0A00B95C47 /* AppDelegate.swift in Sources */,
				619E244D2BFBB64200ECF261 /* CourseModuleDetailsData.swift in Sources */,
				617290B52BFA5243006C295E /* MyCourseTableViewCell.swift in Sources */,
				6169F1A22BF7CC0B00B95C47 /* SceneDelegate.swift in Sources */,
				619E24492BFBA0C600ECF261 /* CourseModuleTableViewHeader.swift in Sources */,
				617290B82BFA53E4006C295E /* MyCoursesViewController.swift in Sources */,
				61CABCBD2BFB3B530021D45F /* CourseModuleDetailsTableViewCell.swift in Sources */,
			);
			runOnlyForDeploymentPostprocessing = 0;
		};
/* End PBXSourcesBuildPhase section */

/* Begin PBXVariantGroup section */
		6169F1A52BF7CC0B00B95C47 /* Main.storyboard */ = {
			isa = PBXVariantGroup;
			children = (
				6169F1A62BF7CC0B00B95C47 /* Base */,
			);
			name = Main.storyboard;
			sourceTree = "<group>";
		};
		6169F1AA2BF7CC0B00B95C47 /* LaunchScreen.storyboard */ = {
			isa = PBXVariantGroup;
			children = (
				6169F1AB2BF7CC0B00B95C47 /* Base */,
			);
			name = LaunchScreen.storyboard;
			sourceTree = "<group>";
		};
/* End PBXVariantGroup section */

/* Begin XCBuildConfiguration section */
		6169F1AE2BF7CC0B00B95C47 /* Debug */ = {
			isa = XCBuildConfiguration;
			buildSettings = {
				ALWAYS_SEARCH_USER_PATHS = NO;
				ASSETCATALOG_COMPILER_GENERATE_SWIFT_ASSET_SYMBOL_EXTENSIONS = YES;
				CLANG_ANALYZER_NONNULL = YES;
				CLANG_ANALYZER_NUMBER_OBJECT_CONVERSION = YES_AGGRESSIVE;
				CLANG_CXX_LANGUAGE_STANDARD = "gnu++20";
				CLANG_ENABLE_MODULES = YES;
				CLANG_ENABLE_OBJC_ARC = YES;
				CLANG_ENABLE_OBJC_WEAK = YES;
				CLANG_WARN_BLOCK_CAPTURE_AUTORELEASING = YES;
				CLANG_WARN_BOOL_CONVERSION = YES;
				CLANG_WARN_COMMA = YES;
				CLANG_WARN_CONSTANT_CONVERSION = YES;
				CLANG_WARN_DEPRECATED_OBJC_IMPLEMENTATIONS = YES;
				CLANG_WARN_DIRECT_OBJC_ISA_USAGE = YES_ERROR;
				CLANG_WARN_DOCUMENTATION_COMMENTS = YES;
				CLANG_WARN_EMPTY_BODY = YES;
				CLANG_WARN_ENUM_CONVERSION = YES;
				CLANG_WARN_INFINITE_RECURSION = YES;
				CLANG_WARN_INT_CONVERSION = YES;
				CLANG_WARN_NON_LITERAL_NULL_CONVERSION = YES;
				CLANG_WARN_OBJC_IMPLICIT_RETAIN_SELF = YES;
				CLANG_WARN_OBJC_LITERAL_CONVERSION = YES;
				CLANG_WARN_OBJC_ROOT_CLASS = YES_ERROR;
				CLANG_WARN_QUOTED_INCLUDE_IN_FRAMEWORK_HEADER = YES;
				CLANG_WARN_RANGE_LOOP_ANALYSIS = YES;
				CLANG_WARN_STRICT_PROTOTYPES = YES;
				CLANG_WARN_SUSPICIOUS_MOVE = YES;
				CLANG_WARN_UNGUARDED_AVAILABILITY = YES_AGGRESSIVE;
				CLANG_WARN_UNREACHABLE_CODE = YES;
				CLANG_WARN__DUPLICATE_METHOD_MATCH = YES;
				COPY_PHASE_STRIP = NO;
				DEBUG_INFORMATION_FORMAT = dwarf;
				ENABLE_STRICT_OBJC_MSGSEND = YES;
				ENABLE_TESTABILITY = YES;
				ENABLE_USER_SCRIPT_SANDBOXING = YES;
				GCC_C_LANGUAGE_STANDARD = gnu17;
				GCC_DYNAMIC_NO_PIC = NO;
				GCC_NO_COMMON_BLOCKS = YES;
				GCC_OPTIMIZATION_LEVEL = 0;
				GCC_PREPROCESSOR_DEFINITIONS = (
					"DEBUG=1",
					"$(inherited)",
				);
				GCC_WARN_64_TO_32_BIT_CONVERSION = YES;
				GCC_WARN_ABOUT_RETURN_TYPE = YES_ERROR;
				GCC_WARN_UNDECLARED_SELECTOR = YES;
				GCC_WARN_UNINITIALIZED_AUTOS = YES_AGGRESSIVE;
				GCC_WARN_UNUSED_FUNCTION = YES;
				GCC_WARN_UNUSED_VARIABLE = YES;
				IPHONEOS_DEPLOYMENT_TARGET = 17.2;
				LOCALIZATION_PREFERS_STRING_CATALOGS = YES;
				MTL_ENABLE_DEBUG_INFO = INCLUDE_SOURCE;
				MTL_FAST_MATH = YES;
				ONLY_ACTIVE_ARCH = YES;
				SDKROOT = iphoneos;
				SWIFT_ACTIVE_COMPILATION_CONDITIONS = "DEBUG $(inherited)";
				SWIFT_OPTIMIZATION_LEVEL = "-Onone";
			};
			name = Debug;
		};
		6169F1AF2BF7CC0B00B95C47 /* Release */ = {
			isa = XCBuildConfiguration;
			buildSettings = {
				ALWAYS_SEARCH_USER_PATHS = NO;
				ASSETCATALOG_COMPILER_GENERATE_SWIFT_ASSET_SYMBOL_EXTENSIONS = YES;
				CLANG_ANALYZER_NONNULL = YES;
				CLANG_ANALYZER_NUMBER_OBJECT_CONVERSION = YES_AGGRESSIVE;
				CLANG_CXX_LANGUAGE_STANDARD = "gnu++20";
				CLANG_ENABLE_MODULES = YES;
				CLANG_ENABLE_OBJC_ARC = YES;
				CLANG_ENABLE_OBJC_WEAK = YES;
				CLANG_WARN_BLOCK_CAPTURE_AUTORELEASING = YES;
				CLANG_WARN_BOOL_CONVERSION = YES;
				CLANG_WARN_COMMA = YES;
				CLANG_WARN_CONSTANT_CONVERSION = YES;
				CLANG_WARN_DEPRECATED_OBJC_IMPLEMENTATIONS = YES;
				CLANG_WARN_DIRECT_OBJC_ISA_USAGE = YES_ERROR;
				CLANG_WARN_DOCUMENTATION_COMMENTS = YES;
				CLANG_WARN_EMPTY_BODY = YES;
				CLANG_WARN_ENUM_CONVERSION = YES;
				CLANG_WARN_INFINITE_RECURSION = YES;
				CLANG_WARN_INT_CONVERSION = YES;
				CLANG_WARN_NON_LITERAL_NULL_CONVERSION = YES;
				CLANG_WARN_OBJC_IMPLICIT_RETAIN_SELF = YES;
				CLANG_WARN_OBJC_LITERAL_CONVERSION = YES;
				CLANG_WARN_OBJC_ROOT_CLASS = YES_ERROR;
				CLANG_WARN_QUOTED_INCLUDE_IN_FRAMEWORK_HEADER = YES;
				CLANG_WARN_RANGE_LOOP_ANALYSIS = YES;
				CLANG_WARN_STRICT_PROTOTYPES = YES;
				CLANG_WARN_SUSPICIOUS_MOVE = YES;
				CLANG_WARN_UNGUARDED_AVAILABILITY = YES_AGGRESSIVE;
				CLANG_WARN_UNREACHABLE_CODE = YES;
				CLANG_WARN__DUPLICATE_METHOD_MATCH = YES;
				COPY_PHASE_STRIP = NO;
				DEBUG_INFORMATION_FORMAT = "dwarf-with-dsym";
				ENABLE_NS_ASSERTIONS = NO;
				ENABLE_STRICT_OBJC_MSGSEND = YES;
				ENABLE_USER_SCRIPT_SANDBOXING = YES;
				GCC_C_LANGUAGE_STANDARD = gnu17;
				GCC_NO_COMMON_BLOCKS = YES;
				GCC_WARN_64_TO_32_BIT_CONVERSION = YES;
				GCC_WARN_ABOUT_RETURN_TYPE = YES_ERROR;
				GCC_WARN_UNDECLARED_SELECTOR = YES;
				GCC_WARN_UNINITIALIZED_AUTOS = YES_AGGRESSIVE;
				GCC_WARN_UNUSED_FUNCTION = YES;
				GCC_WARN_UNUSED_VARIABLE = YES;
				IPHONEOS_DEPLOYMENT_TARGET = 17.2;
				LOCALIZATION_PREFERS_STRING_CATALOGS = YES;
				MTL_ENABLE_DEBUG_INFO = NO;
				MTL_FAST_MATH = YES;
				SDKROOT = iphoneos;
				SWIFT_COMPILATION_MODE = wholemodule;
				VALIDATE_PRODUCT = YES;
			};
			name = Release;
		};
		6169F1B12BF7CC0B00B95C47 /* Debug */ = {
			isa = XCBuildConfiguration;
			buildSettings = {
				ASSETCATALOG_COMPILER_APPICON_NAME = AppIcon;
				ASSETCATALOG_COMPILER_GLOBAL_ACCENT_COLOR_NAME = AccentColor;
				CODE_SIGN_STYLE = Automatic;
				CURRENT_PROJECT_VERSION = 1;
				GENERATE_INFOPLIST_FILE = YES;
				INFOPLIST_FILE = ULURN/Info.plist;
				INFOPLIST_KEY_UIApplicationSupportsIndirectInputEvents = YES;
				INFOPLIST_KEY_UILaunchStoryboardName = LaunchScreen;
				INFOPLIST_KEY_UIMainStoryboardFile = Main;
				INFOPLIST_KEY_UISupportedInterfaceOrientations_iPad = "UIInterfaceOrientationPortrait UIInterfaceOrientationPortraitUpsideDown UIInterfaceOrientationLandscapeLeft UIInterfaceOrientationLandscapeRight";
				INFOPLIST_KEY_UISupportedInterfaceOrientations_iPhone = "UIInterfaceOrientationPortrait UIInterfaceOrientationLandscapeLeft UIInterfaceOrientationLandscapeRight";
				LD_RUNPATH_SEARCH_PATHS = (
					"$(inherited)",
					"@executable_path/Frameworks",
				);
				MARKETING_VERSION = 1.0;
				PRODUCT_BUNDLE_IDENTIFIER = com.rakesh.ULURN;
				PRODUCT_NAME = "$(TARGET_NAME)";
				SWIFT_EMIT_LOC_STRINGS = YES;
				SWIFT_VERSION = 5.0;
				TARGETED_DEVICE_FAMILY = "1,2";
			};
			name = Debug;
		};
		6169F1B22BF7CC0B00B95C47 /* Release */ = {
			isa = XCBuildConfiguration;
			buildSettings = {
				ASSETCATALOG_COMPILER_APPICON_NAME = AppIcon;
				ASSETCATALOG_COMPILER_GLOBAL_ACCENT_COLOR_NAME = AccentColor;
				CODE_SIGN_STYLE = Automatic;
				CURRENT_PROJECT_VERSION = 1;
				GENERATE_INFOPLIST_FILE = YES;
				INFOPLIST_FILE = ULURN/Info.plist;
				INFOPLIST_KEY_UIApplicationSupportsIndirectInputEvents = YES;
				INFOPLIST_KEY_UILaunchStoryboardName = LaunchScreen;
				INFOPLIST_KEY_UIMainStoryboardFile = Main;
				INFOPLIST_KEY_UISupportedInterfaceOrientations_iPad = "UIInterfaceOrientationPortrait UIInterfaceOrientationPortraitUpsideDown UIInterfaceOrientationLandscapeLeft UIInterfaceOrientationLandscapeRight";
				INFOPLIST_KEY_UISupportedInterfaceOrientations_iPhone = "UIInterfaceOrientationPortrait UIInterfaceOrientationLandscapeLeft UIInterfaceOrientationLandscapeRight";
				LD_RUNPATH_SEARCH_PATHS = (
					"$(inherited)",
					"@executable_path/Frameworks",
				);
				MARKETING_VERSION = 1.0;
				PRODUCT_BUNDLE_IDENTIFIER = com.rakesh.ULURN;
				PRODUCT_NAME = "$(TARGET_NAME)";
				SWIFT_EMIT_LOC_STRINGS = YES;
				SWIFT_VERSION = 5.0;
				TARGETED_DEVICE_FAMILY = "1,2";
			};
			name = Release;
		};
/* End XCBuildConfiguration section */

/* Begin XCConfigurationList section */
		6169F1972BF7CC0A00B95C47 /* Build configuration list for PBXProject "ULURN" */ = {
			isa = XCConfigurationList;
			buildConfigurations = (
				6169F1AE2BF7CC0B00B95C47 /* Debug */,
				6169F1AF2BF7CC0B00B95C47 /* Release */,
			);
			defaultConfigurationIsVisible = 0;
			defaultConfigurationName = Release;
		};
		6169F1B02BF7CC0B00B95C47 /* Build configuration list for PBXNativeTarget "ULURN" */ = {
			isa = XCConfigurationList;
			buildConfigurations = (
				6169F1B12BF7CC0B00B95C47 /* Debug */,
				6169F1B22BF7CC0B00B95C47 /* Release */,
			);
			defaultConfigurationIsVisible = 0;
			defaultConfigurationName = Release;
		};
/* End XCConfigurationList section */
	};
	rootObject = 6169F1942BF7CC0A00B95C47 /* Project object */;
}
